
Microsoft Visual Studio Solution File, Format Version 12.00
# Visual Studio Version 17
VisualStudioVersion = 17.11.35303.130
MinimumVisualStudioVersion = 10.0.40219.1
Project("{9A19103F-16F7-4668-BE54-9A1E7A4F7556}") = "DistributedCacheSample", "RestWebApiHelloWorld\DistributedCacheSample.csproj", "{D12CE473-D426-4E31-8846-B33E608696B4}"
EndProject
Global
	GlobalSection(SolutionConfigurationPlatforms) = preSolution
		Debug|Any CPU = Debug|Any CPU
		Release|Any CPU = Release|Any CPU
	EndGlobalSection
	GlobalSection(ProjectConfigurationPlatforms) = postSolution
		{D12CE473-D426-4E31-8846-B33E608696B4}.Debug|Any CPU.ActiveCfg = Debug|Any CPU
		{D12CE473-D426-4E31-8846-B33E608696B4}.Debug|Any CPU.Build.0 = Debug|Any CPU
		{D12CE473-D426-4E31-8846-B33E608696B4}.Release|Any CPU.ActiveCfg = Release|Any CPU
		{D12CE473-D426-4E31-8846-B33E608696B4}.Release|Any CPU.Build.0 = Release|Any CPU
	EndGlobalSection
	GlobalSection(SolutionProperties) = preSolution
		HideSolutionNode = FALSE
	EndGlobalSection
	GlobalSection(ExtensibilityGlobals) = postSolution
		SolutionGuid = {6E72AE93-5200-4DB0-B474-47909827E7A2}
	EndGlobalSection
EndGlobal
